// !$*UTF8*$!
{
	archiveVersion = 1;
	classes = {
	};
	objectVersion = 56;
	objects = {

/* Begin PBXBuildFile section */
		1CC7BF1B29F6814100A60E98 /* AppDelegate.swift in Sources */ = {isa = PBXBuildFile; fileRef = 1CC7BF1A29F6814100A60E98 /* AppDelegate.swift */; };
		1CC7BF1D29F6814100A60E98 /* SceneDelegate.swift in Sources */ = {isa = PBXBuildFile; fileRef = 1CC7BF1C29F6814100A60E98 /* SceneDelegate.swift */; };
		1CC7BF1F29F6814100A60E98 /* ViewController.swift in Sources */ = {isa = PBXBuildFile; fileRef = 1CC7BF1E29F6814100A60E98 /* ViewController.swift */; };
		1CC7BF2229F6814100A60E98 /* Main.storyboard in Resources */ = {isa = PBXBuildFile; fileRef = 1CC7BF2029F6814100A60E98 /* Main.storyboard */; };
		1CC7BF2429F6814200A60E98 /* Assets.xcassets in Resources */ = {isa = PBXBuildFile; fileRef = 1CC7BF2329F6814200A60E98 /* Assets.xcassets */; };
		1CC7BF2729F6814200A60E98 /* LaunchScreen.storyboard in Resources */ = {isa = PBXBuildFile; fileRef = 1CC7BF2529F6814200A60E98 /* LaunchScreen.storyboard */; };
		1CC7BF2F29F681E000A60E98 /* CountriesView.swift in Sources */ = {isa = PBXBuildFile; fileRef = 1CC7BF2E29F681E000A60E98 /* CountriesView.swift */; };
		1CC7BF3329F6830200A60E98 /* CountryInfo.swift in Sources */ = {isa = PBXBuildFile; fileRef = 1CC7BF3229F6830200A60E98 /* CountryInfo.swift */; };
		1CC7BF3629F6835100A60E98 /* CountriesList.swift in Sources */ = {isa = PBXBuildFile; fileRef = 1CC7BF3529F6835100A60E98 /* CountriesList.swift */; };
		1CC7BF3E29F6DAA800A60E98 /* CountryCellView.swift in Sources */ = {isa = PBXBuildFile; fileRef = 1CC7BF3D29F6DAA800A60E98 /* CountryCellView.swift */; };
/* End PBXBuildFile section */

/* Begin PBXFileReference section */
		1CC7BF1729F6814100A60E98 /* TestCountries.app */ = {isa = PBXFileReference; explicitFileType = wrapper.application; includeInIndex = 0; path = TestCountries.app; sourceTree = BUILT_PRODUCTS_DIR; };
		1CC7BF1A29F6814100A60E98 /* AppDelegate.swift */ = {isa = PBXFileReference; lastKnownFileType = sourcecode.swift; path = AppDelegate.swift; sourceTree = "<group>"; };
		1CC7BF1C29F6814100A60E98 /* SceneDelegate.swift */ = {isa = PBXFileReference; lastKnownFileType = sourcecode.swift; path = SceneDelegate.swift; sourceTree = "<group>"; };
		1CC7BF1E29F6814100A60E98 /* ViewController.swift */ = {isa = PBXFileReference; lastKnownFileType = sourcecode.swift; path = ViewController.swift; sourceTree = "<group>"; };
		1CC7BF2129F6814100A60E98 /* Base */ = {isa = PBXFileReference; lastKnownFileType = file.storyboard; name = Base; path = Base.lproj/Main.storyboard; sourceTree = "<group>"; };
		1CC7BF2329F6814200A60E98 /* Assets.xcassets */ = {isa = PBXFileReference; lastKnownFileType = folder.assetcatalog; path = Assets.xcassets; sourceTree = "<group>"; };
		1CC7BF2629F6814200A60E98 /* Base */ = {isa = PBXFileReference; lastKnownFileType = file.storyboard; name = Base; path = Base.lproj/LaunchScreen.storyboard; sourceTree = "<group>"; };
		1CC7BF2829F6814200A60E98 /* Info.plist */ = {isa = PBXFileReference; lastKnownFileType = text.plist.xml; path = Info.plist; sourceTree = "<group>"; };
		1CC7BF2E29F681E000A60E98 /* CountriesView.swift */ = {isa = PBXFileReference; lastKnownFileType = sourcecode.swift; path = CountriesView.swift; sourceTree = "<group>"; };
		1CC7BF3229F6830200A60E98 /* CountryInfo.swift */ = {isa = PBXFileReference; lastKnownFileType = sourcecode.swift; path = CountryInfo.swift; sourceTree = "<group>"; };
		1CC7BF3529F6835100A60E98 /* CountriesList.swift */ = {isa = PBXFileReference; lastKnownFileType = sourcecode.swift; path = CountriesList.swift; sourceTree = "<group>"; };
		1CC7BF3D29F6DAA800A60E98 /* CountryCellView.swift */ = {isa = PBXFileReference; lastKnownFileType = sourcecode.swift; path = CountryCellView.swift; sourceTree = "<group>"; };
/* End PBXFileReference section */

/* Begin PBXFrameworksBuildPhase section */
		1CC7BF1429F6814100A60E98 /* Frameworks */ = {
			isa = PBXFrameworksBuildPhase;
			buildActionMask = 2147483647;
			files = (
			);
			runOnlyForDeploymentPostprocessing = 0;
		};
/* End PBXFrameworksBuildPhase section */

/* Begin PBXGroup section */
		1CC7BF0E29F6814100A60E98 = {
			isa = PBXGroup;
			children = (
				1CC7BF1929F6814100A60E98 /* TestCountries */,
				1CC7BF1829F6814100A60E98 /* Products */,
			);
			sourceTree = "<group>";
		};
		1CC7BF1829F6814100A60E98 /* Products */ = {
			isa = PBXGroup;
			children = (
				1CC7BF1729F6814100A60E98 /* TestCountries.app */,
			);
			name = Products;
			sourceTree = "<group>";
		};
		1CC7BF1929F6814100A60E98 /* TestCountries */ = {
			isa = PBXGroup;
			children = (
				1CC7BF3029F682B500A60E98 /* API */,
				1CC7BF3129F682C500A60E98 /* UI */,
				1CC7BF1A29F6814100A60E98 /* AppDelegate.swift */,
				1CC7BF2329F6814200A60E98 /* Assets.xcassets */,
				1CC7BF2829F6814200A60E98 /* Info.plist */,
				1CC7BF2529F6814200A60E98 /* LaunchScreen.storyboard */,
				1CC7BF2029F6814100A60E98 /* Main.storyboard */,
				1CC7BF1C29F6814100A60E98 /* SceneDelegate.swift */,
				1CC7BF1E29F6814100A60E98 /* ViewController.swift */,
			);
			path = TestCountries;
			sourceTree = "<group>";
		};
		1CC7BF3029F682B500A60E98 /* API */ = {
			isa = PBXGroup;
			children = (
				1CC7BF3429F6833B00A60E98 /* Entities */,
				1CC7BF3529F6835100A60E98 /* CountriesList.swift */,
			);
			path = API;
			sourceTree = "<group>";
		};
		1CC7BF3129F682C500A60E98 /* UI */ = {
			isa = PBXGroup;
			children = (
				1CC7BF2E29F681E000A60E98 /* CountriesView.swift */,
				1CC7BF3D29F6DAA800A60E98 /* CountryCellView.swift */,
			);
			path = UI;
			sourceTree = "<group>";
		};
		1CC7BF3429F6833B00A60E98 /* Entities */ = {
			isa = PBXGroup;
			children = (
				1CC7BF3229F6830200A60E98 /* CountryInfo.swift */,
			);
			path = Entities;
			sourceTree = "<group>";
		};
/* End PBXGroup section */

/* Begin PBXNativeTarget section */
		1CC7BF1629F6814100A60E98 /* TestCountries */ = {
			isa = PBXNativeTarget;
			buildConfigurationList = 1CC7BF2B29F6814200A60E98 /* Build configuration list for PBXNativeTarget "TestCountries" */;
			buildPhases = (
				1CC7BF1329F6814100A60E98 /* Sources */,
				1CC7BF1429F6814100A60E98 /* Frameworks */,
				1CC7BF1529F6814100A60E98 /* Resources */,
			);
			buildRules = (
			);
			dependencies = (
			);
			name = TestCountries;
			productName = TestCountries;
			productReference = 1CC7BF1729F6814100A60E98 /* TestCountries.app */;
			productType = "com.apple.product-type.application";
		};
/* End PBXNativeTarget section */

/* Begin PBXProject section */
		1CC7BF0F29F6814100A60E98 /* Project object */ = {
			isa = PBXProject;
			attributes = {
				BuildIndependentTargetsInParallel = 1;
				LastSwiftUpdateCheck = 1430;
				LastUpgradeCheck = 1430;
				TargetAttributes = {
					1CC7BF1629F6814100A60E98 = {
						CreatedOnToolsVersion = 14.3;
					};
				};
			};
			buildConfigurationList = 1CC7BF1229F6814100A60E98 /* Build configuration list for PBXProject "TestCountries" */;
			compatibilityVersion = "Xcode 14.0";
			developmentRegion = en;
			hasScannedForEncodings = 0;
			knownRegions = (
				en,
				Base,
			);
			mainGroup = 1CC7BF0E29F6814100A60E98;
			productRefGroup = 1CC7BF1829F6814100A60E98 /* Products */;
			projectDirPath = "";
			projectRoot = "";
			targets = (
				1CC7BF1629F6814100A60E98 /* TestCountries */,
			);
		};
/* End PBXProject section */

/* Begin PBXResourcesBuildPhase section */
		1CC7BF1529F6814100A60E98 /* Resources */ = {
			isa = PBXResourcesBuildPhase;
			buildActionMask = 2147483647;
			files = (
				1CC7BF2729F6814200A60E98 /* LaunchScreen.storyboard in Resources */,
				1CC7BF2429F6814200A60E98 /* Assets.xcassets in Resources */,
				1CC7BF2229F6814100A60E98 /* Main.storyboard in Resources */,
			);
			runOnlyForDeploymentPostprocessing = 0;
		};
/* End PBXResourcesBuildPhase section */

/* Begin PBXSourcesBuildPhase section */
		1CC7BF1329F6814100A60E98 /* Sources */ = {
			isa = PBXSourcesBuildPhase;
			buildActionMask = 2147483647;
			files = (
				1CC7BF1F29F6814100A60E98 /* ViewController.swift in Sources */,
				1CC7BF2F29F681E000A60E98 /* CountriesView.swift in Sources */,
				1CC7BF3E29F6DAA800A60E98 /* CountryCellView.swift in Sources */,
				1CC7BF3629F6835100A60E98 /* CountriesList.swift in Sources */,
				1CC7BF1B29F6814100A60E98 /* AppDelegate.swift in Sources */,
				1CC7BF3329F6830200A60E98 /* CountryInfo.swift in Sources */,
				1CC7BF1D29F6814100A60E98 /* SceneDelegate.swift in Sources */,
			);
			runOnlyForDeploymentPostprocessing = 0;
		};
/* End PBXSourcesBuildPhase section */

/* Begin PBXVariantGroup section */
		1CC7BF2029F6814100A60E98 /* Main.storyboard */ = {
			isa = PBXVariantGroup;
			children = (
				1CC7BF2129F6814100A60E98 /* Base */,
			);
			name = Main.storyboard;
			sourceTree = "<group>";
		};
		1CC7BF2529F6814200A60E98 /* LaunchScreen.storyboard */ = {
			isa = PBXVariantGroup;
			children = (
				1CC7BF2629F6814200A60E98 /* Base */,
			);
			name = LaunchScreen.storyboard;
			sourceTree = "<group>";
		};
/* End PBXVariantGroup section */

/* Begin XCBuildConfiguration section */
		1CC7BF2929F6814200A60E98 /* Debug */ = {
			isa = XCBuildConfiguration;
			buildSettings = {
				ALWAYS_SEARCH_USER_PATHS = NO;
				CLANG_ANALYZER_NONNULL = YES;
				CLANG_ANALYZER_NUMBER_OBJECT_CONVERSION = YES_AGGRESSIVE;
				CLANG_CXX_LANGUAGE_STANDARD = "gnu++20";
				CLANG_ENABLE_MODULES = YES;
				CLANG_ENABLE_OBJC_ARC = YES;
				CLANG_ENABLE_OBJC_WEAK = YES;
				CLANG_WARN_BLOCK_CAPTURE_AUTORELEASING = YES;
				CLANG_WARN_BOOL_CONVERSION = YES;
				CLANG_WARN_COMMA = YES;
				CLANG_WARN_CONSTANT_CONVERSION = YES;
				CLANG_WARN_DEPRECATED_OBJC_IMPLEMENTATIONS = YES;
				CLANG_WARN_DIRECT_OBJC_ISA_USAGE = YES_ERROR;
				CLANG_WARN_DOCUMENTATION_COMMENTS = YES;
				CLANG_WARN_EMPTY_BODY = YES;
				CLANG_WARN_ENUM_CONVERSION = YES;
				CLANG_WARN_INFINITE_RECURSION = YES;
				CLANG_WARN_INT_CONVERSION = YES;
				CLANG_WARN_NON_LITERAL_NULL_CONVERSION = YES;
				CLANG_WARN_OBJC_IMPLICIT_RETAIN_SELF = YES;
				CLANG_WARN_OBJC_LITERAL_CONVERSION = YES;
				CLANG_WARN_OBJC_ROOT_CLASS = YES_ERROR;
				CLANG_WARN_QUOTED_INCLUDE_IN_FRAMEWORK_HEADER = YES;
				CLANG_WARN_RANGE_LOOP_ANALYSIS = YES;
				CLANG_WARN_STRICT_PROTOTYPES = YES;
				CLANG_WARN_SUSPICIOUS_MOVE = YES;
				CLANG_WARN_UNGUARDED_AVAILABILITY = YES_AGGRESSIVE;
				CLANG_WARN_UNREACHABLE_CODE = YES;
				CLANG_WARN__DUPLICATE_METHOD_MATCH = YES;
				COPY_PHASE_STRIP = NO;
				DEBUG_INFORMATION_FORMAT = dwarf;
				ENABLE_STRICT_OBJC_MSGSEND = YES;
				ENABLE_TESTABILITY = YES;
				GCC_C_LANGUAGE_STANDARD = gnu11;
				GCC_DYNAMIC_NO_PIC = NO;
				GCC_NO_COMMON_BLOCKS = YES;
				GCC_OPTIMIZATION_LEVEL = 0;
				GCC_PREPROCESSOR_DEFINITIONS = (
					"DEBUG=1",
					"$(inherited)",
				);
				GCC_WARN_64_TO_32_BIT_CONVERSION = YES;
				GCC_WARN_ABOUT_RETURN_TYPE = YES_ERROR;
				GCC_WARN_UNDECLARED_SELECTOR = YES;
				GCC_WARN_UNINITIALIZED_AUTOS = YES_AGGRESSIVE;
				GCC_WARN_UNUSED_FUNCTION = YES;
				GCC_WARN_UNUSED_VARIABLE = YES;
				IPHONEOS_DEPLOYMENT_TARGET = 14.0;
				MTL_ENABLE_DEBUG_INFO = INCLUDE_SOURCE;
				MTL_FAST_MATH = YES;
				ONLY_ACTIVE_ARCH = YES;
				SDKROOT = iphoneos;
				SWIFT_ACTIVE_COMPILATION_CONDITIONS = DEBUG;
				SWIFT_OPTIMIZATION_LEVEL = "-Onone";
			};
			name = Debug;
		};
		1CC7BF2A29F6814200A60E98 /* Release */ = {
			isa = XCBuildConfiguration;
			buildSettings = {
				ALWAYS_SEARCH_USER_PATHS = NO;
				CLANG_ANALYZER_NONNULL = YES;
				CLANG_ANALYZER_NUMBER_OBJECT_CONVERSION = YES_AGGRESSIVE;
				CLANG_CXX_LANGUAGE_STANDARD = "gnu++20";
				CLANG_ENABLE_MODULES = YES;
				CLANG_ENABLE_OBJC_ARC = YES;
				CLANG_ENABLE_OBJC_WEAK = YES;
				CLANG_WARN_BLOCK_CAPTURE_AUTORELEASING = YES;
				CLANG_WARN_BOOL_CONVERSION = YES;
				CLANG_WARN_COMMA = YES;
				CLANG_WARN_CONSTANT_CONVERSION = YES;
				CLANG_WARN_DEPRECATED_OBJC_IMPLEMENTATIONS = YES;
				CLANG_WARN_DIRECT_OBJC_ISA_USAGE = YES_ERROR;
				CLANG_WARN_DOCUMENTATION_COMMENTS = YES;
				CLANG_WARN_EMPTY_BODY = YES;
				CLANG_WARN_ENUM_CONVERSION = YES;
				CLANG_WARN_INFINITE_RECURSION = YES;
				CLANG_WARN_INT_CONVERSION = YES;
				CLANG_WARN_NON_LITERAL_NULL_CONVERSION = YES;
				CLANG_WARN_OBJC_IMPLICIT_RETAIN_SELF = YES;
				CLANG_WARN_OBJC_LITERAL_CONVERSION = YES;
				CLANG_WARN_OBJC_ROOT_CLASS = YES_ERROR;
				CLANG_WARN_QUOTED_INCLUDE_IN_FRAMEWORK_HEADER = YES;
				CLANG_WARN_RANGE_LOOP_ANALYSIS = YES;
				CLANG_WARN_STRICT_PROTOTYPES = YES;
				CLANG_WARN_SUSPICIOUS_MOVE = YES;
				CLANG_WARN_UNGUARDED_AVAILABILITY = YES_AGGRESSIVE;
				CLANG_WARN_UNREACHABLE_CODE = YES;
				CLANG_WARN__DUPLICATE_METHOD_MATCH = YES;
				COPY_PHASE_STRIP = NO;
				DEBUG_INFORMATION_FORMAT = "dwarf-with-dsym";
				ENABLE_NS_ASSERTIONS = NO;
				ENABLE_STRICT_OBJC_MSGSEND = YES;
				GCC_C_LANGUAGE_STANDARD = gnu11;
				GCC_NO_COMMON_BLOCKS = YES;
				GCC_WARN_64_TO_32_BIT_CONVERSION = YES;
				GCC_WARN_ABOUT_RETURN_TYPE = YES_ERROR;
				GCC_WARN_UNDECLARED_SELECTOR = YES;
				GCC_WARN_UNINITIALIZED_AUTOS = YES_AGGRESSIVE;
				GCC_WARN_UNUSED_FUNCTION = YES;
				GCC_WARN_UNUSED_VARIABLE = YES;
				IPHONEOS_DEPLOYMENT_TARGET = 14.0;
				MTL_ENABLE_DEBUG_INFO = NO;
				MTL_FAST_MATH = YES;
				SDKROOT = iphoneos;
				SWIFT_COMPILATION_MODE = wholemodule;
				SWIFT_OPTIMIZATION_LEVEL = "-O";
				VALIDATE_PRODUCT = YES;
			};
			name = Release;
		};
		1CC7BF2C29F6814200A60E98 /* Debug */ = {
			isa = XCBuildConfiguration;
			buildSettings = {
				ASSETCATALOG_COMPILER_APPICON_NAME = AppIcon;
				ASSETCATALOG_COMPILER_GLOBAL_ACCENT_COLOR_NAME = AccentColor;
				CODE_SIGN_STYLE = Automatic;
				CURRENT_PROJECT_VERSION = 2;
				GENERATE_INFOPLIST_FILE = YES;
				INFOPLIST_FILE = TestCountries/Info.plist;
				INFOPLIST_KEY_UIApplicationSupportsIndirectInputEvents = YES;
				INFOPLIST_KEY_UILaunchStoryboardName = LaunchScreen;
				INFOPLIST_KEY_UIMainStoryboardFile = Main;
				INFOPLIST_KEY_UISupportedInterfaceOrientations_iPad = "UIInterfaceOrientationPortrait UIInterfaceOrientationPortraitUpsideDown UIInterfaceOrientationLandscapeLeft UIInterfaceOrientationLandscapeRight";
				INFOPLIST_KEY_UISupportedInterfaceOrientations_iPhone = "UIInterfaceOrientationPortrait UIInterfaceOrientationLandscapeLeft UIInterfaceOrientationLandscapeRight";
				IPHONEOS_DEPLOYMENT_TARGET = 14.0;
				LD_RUNPATH_SEARCH_PATHS = (
					"$(inherited)",
					"@executable_path/Frameworks",
				);
				MARKETING_VERSION = 1.1;
				PRODUCT_BUNDLE_IDENTIFIER = Route4Me.TestCountries;
				PRODUCT_NAME = "$(TARGET_NAME)";
				SWIFT_EMIT_LOC_STRINGS = YES;
				SWIFT_VERSION = 5.0;
				TARGETED_DEVICE_FAMILY = "1,2";
			};
			name = Debug;
		};
		1CC7BF2D29F6814200A60E98 /* Release */ = {
			isa = XCBuildConfiguration;
			buildSettings = {
				ASSETCATALOG_COMPILER_APPICON_NAME = AppIcon;
				ASSETCATALOG_COMPILER_GLOBAL_ACCENT_COLOR_NAME = AccentColor;
				CODE_SIGN_STYLE = Automatic;
				CURRENT_PROJECT_VERSION = 2;
				GENERATE_INFOPLIST_FILE = YES;
				INFOPLIST_FILE = TestCountries/Info.plist;
				INFOPLIST_KEY_UIApplicationSupportsIndirectInputEvents = YES;
				INFOPLIST_KEY_UILaunchStoryboardName = LaunchScreen;
				INFOPLIST_KEY_UIMainStoryboardFile = Main;
				INFOPLIST_KEY_UISupportedInterfaceOrientations_iPad = "UIInterfaceOrientationPortrait UIInterfaceOrientationPortraitUpsideDown UIInterfaceOrientationLandscapeLeft UIInterfaceOrientationLandscapeRight";
				INFOPLIST_KEY_UISupportedInterfaceOrientations_iPhone = "UIInterfaceOrientationPortrait UIInterfaceOrientationLandscapeLeft UIInterfaceOrientationLandscapeRight";
				IPHONEOS_DEPLOYMENT_TARGET = 14.0;
				LD_RUNPATH_SEARCH_PATHS = (
					"$(inherited)",
					"@executable_path/Frameworks",
				);
				MARKETING_VERSION = 1.1;
				PRODUCT_BUNDLE_IDENTIFIER = Route4Me.TestCountries;
				PRODUCT_NAME = "$(TARGET_NAME)";
				SWIFT_EMIT_LOC_STRINGS = YES;
				SWIFT_VERSION = 5.0;
				TARGETED_DEVICE_FAMILY = "1,2";
			};
			name = Release;
		};
/* End XCBuildConfiguration section */

/* Begin XCConfigurationList section */
		1CC7BF1229F6814100A60E98 /* Build configuration list for PBXProject "TestCountries" */ = {
			isa = XCConfigurationList;
			buildConfigurations = (
				1CC7BF2929F6814200A60E98 /* Debug */,
				1CC7BF2A29F6814200A60E98 /* Release */,
			);
			defaultConfigurationIsVisible = 0;
			defaultConfigurationName = Release;
		};
		1CC7BF2B29F6814200A60E98 /* Build configuration list for PBXNativeTarget "TestCountries" */ = {
			isa = XCConfigurationList;
			buildConfigurations = (
				1CC7BF2C29F6814200A60E98 /* Debug */,
				1CC7BF2D29F6814200A60E98 /* Release */,
			);
			defaultConfigurationIsVisible = 0;
			defaultConfigurationName = Release;
		};
/* End XCConfigurationList section */
	};
	rootObject = 1CC7BF0F29F6814100A60E98 /* Project object */;
}
